// !$*UTF8*$!
{
	archiveVersion = 1;
	classes = {
	};
	objectVersion = 50;
	objects = {

/* Begin PBXBuildFile section */
		02498E88D5D01FBF4B75C7DA /* Pods_WallPaper.framework in Frameworks */ = {isa = PBXBuildFile; fileRef = 8659C4DA75A63185C9F34869 /* Pods_WallPaper.framework */; };
		040ED78420C4DF4A00B6A0E6 /* AppDelegate.swift in Sources */ = {isa = PBXBuildFile; fileRef = 040ED78320C4DF4A00B6A0E6 /* AppDelegate.swift */; };
		040ED78620C4DF4A00B6A0E6 /* ViewController.swift in Sources */ = {isa = PBXBuildFile; fileRef = 040ED78520C4DF4A00B6A0E6 /* ViewController.swift */; };
		040ED78920C4DF4A00B6A0E6 /* Main.storyboard in Resources */ = {isa = PBXBuildFile; fileRef = 040ED78720C4DF4A00B6A0E6 /* Main.storyboard */; };
		040ED78C20C4DF4A00B6A0E6 /* WallPaper.xcdatamodeld in Sources */ = {isa = PBXBuildFile; fileRef = 040ED78A20C4DF4A00B6A0E6 /* WallPaper.xcdatamodeld */; };
		040ED78E20C4DF4C00B6A0E6 /* Assets.xcassets in Resources */ = {isa = PBXBuildFile; fileRef = 040ED78D20C4DF4C00B6A0E6 /* Assets.xcassets */; };
		040ED79120C4DF4C00B6A0E6 /* LaunchScreen.storyboard in Resources */ = {isa = PBXBuildFile; fileRef = 040ED78F20C4DF4C00B6A0E6 /* LaunchScreen.storyboard */; };
		040ED79C20C4DF4C00B6A0E6 /* WallPaperTests.swift in Sources */ = {isa = PBXBuildFile; fileRef = 040ED79B20C4DF4C00B6A0E6 /* WallPaperTests.swift */; };
		040ED7A720C4DF4C00B6A0E6 /* WallPaperUITests.swift in Sources */ = {isa = PBXBuildFile; fileRef = 040ED7A620C4DF4C00B6A0E6 /* WallPaperUITests.swift */; };
		040ED7C420C4E39D00B6A0E6 /* Alert.swift in Sources */ = {isa = PBXBuildFile; fileRef = 040ED7BE20C4E39C00B6A0E6 /* Alert.swift */; };
		040ED7C520C4E39D00B6A0E6 /* Reachability.swift in Sources */ = {isa = PBXBuildFile; fileRef = 040ED7BF20C4E39C00B6A0E6 /* Reachability.swift */; };
		040ED7C620C4E39D00B6A0E6 /* UIButton+Extention.swift in Sources */ = {isa = PBXBuildFile; fileRef = 040ED7C020C4E39C00B6A0E6 /* UIButton+Extention.swift */; };
		040ED7C720C4E39D00B6A0E6 /* UILable+Extention.swift in Sources */ = {isa = PBXBuildFile; fileRef = 040ED7C120C4E39D00B6A0E6 /* UILable+Extention.swift */; };
		040ED7C820C4E39D00B6A0E6 /* GoogleAdsMob.swift in Sources */ = {isa = PBXBuildFile; fileRef = 040ED7C220C4E39D00B6A0E6 /* GoogleAdsMob.swift */; };
		040ED7C920C4E39D00B6A0E6 /* UIView+Extention.swift in Sources */ = {isa = PBXBuildFile; fileRef = 040ED7C320C4E39D00B6A0E6 /* UIView+Extention.swift */; };
		040ED7CE20C4E3F900B6A0E6 /* Config.swift in Sources */ = {isa = PBXBuildFile; fileRef = 040ED7CD20C4E3F900B6A0E6 /* Config.swift */; };
		040ED7D220C4E92200B6A0E6 /* RemainDatView.rtf in Resources */ = {isa = PBXBuildFile; fileRef = 040ED7D120C4E92200B6A0E6 /* RemainDatView.rtf */; };
		040ED7D420C4E93C00B6A0E6 /* RemainHieuView.rtf in Resources */ = {isa = PBXBuildFile; fileRef = 040ED7D320C4E93C00B6A0E6 /* RemainHieuView.rtf */; };
		040ED7DB20C4F57F00B6A0E6 /* SF-Pro-Display-Regular.otf in Resources */ = {isa = PBXBuildFile; fileRef = 040ED7D820C4F57F00B6A0E6 /* SF-Pro-Display-Regular.otf */; };
		040ED7DC20C4F57F00B6A0E6 /* SF-Pro-Display-Semibold.otf in Resources */ = {isa = PBXBuildFile; fileRef = 040ED7D920C4F57F00B6A0E6 /* SF-Pro-Display-Semibold.otf */; };
		040ED7DD20C4F57F00B6A0E6 /* SF-Pro-Display-Bold.otf in Resources */ = {isa = PBXBuildFile; fileRef = 040ED7DA20C4F57F00B6A0E6 /* SF-Pro-Display-Bold.otf */; };
		040ED7E120C4F5D700B6A0E6 /* SF-Pro-Text-Medium.otf in Resources */ = {isa = PBXBuildFile; fileRef = 040ED7DE20C4F5D600B6A0E6 /* SF-Pro-Text-Medium.otf */; };
		040ED7E220C4F5D700B6A0E6 /* SF-Pro-Text-Regular.otf in Resources */ = {isa = PBXBuildFile; fileRef = 040ED7DF20C4F5D700B6A0E6 /* SF-Pro-Text-Regular.otf */; };
		040ED7E320C4F5D700B6A0E6 /* SF-Pro-Text-Semibold.otf in Resources */ = {isa = PBXBuildFile; fileRef = 040ED7E020C4F5D700B6A0E6 /* SF-Pro-Text-Semibold.otf */; };
		040ED7E520C4F6A000B6A0E6 /* DataOfAppLife.swift in Sources */ = {isa = PBXBuildFile; fileRef = 040ED7E420C4F6A000B6A0E6 /* DataOfAppLife.swift */; };
		0443906820C54D2F00FDD30A /* Name_Cate_TableViewCell.swift in Sources */ = {isa = PBXBuildFile; fileRef = 0443906720C54D2F00FDD30A /* Name_Cate_TableViewCell.swift */; };
		0443906A20C54D4800FDD30A /* Collection_H_TableViewCell.swift in Sources */ = {isa = PBXBuildFile; fileRef = 0443906920C54D4800FDD30A /* Collection_H_TableViewCell.swift */; };
		0443906C20C54D5A00FDD30A /* Collection_V_TableViewCell.swift in Sources */ = {isa = PBXBuildFile; fileRef = 0443906B20C54D5A00FDD30A /* Collection_V_TableViewCell.swift */; };
		049BCD8120C62D32003C5101 /* HBSegmentedControl.swift in Sources */ = {isa = PBXBuildFile; fileRef = 049BCD8020C62D31003C5101 /* HBSegmentedControl.swift */; };
		5B09FA5720CA2B5A00FEE1AD /* Categories_SeeAll.swift in Sources */ = {isa = PBXBuildFile; fileRef = 5B09FA5620CA2B5A00FEE1AD /* Categories_SeeAll.swift */; };
		5B09FA5920CA2B7700FEE1AD /* Wallpapers_SeeAll.swift in Sources */ = {isa = PBXBuildFile; fileRef = 5B09FA5820CA2B7700FEE1AD /* Wallpapers_SeeAll.swift */; };
		5B09FA5B20CA2B9800FEE1AD /* LiveWallpapers_SeeAll.swift in Sources */ = {isa = PBXBuildFile; fileRef = 5B09FA5A20CA2B9800FEE1AD /* LiveWallpapers_SeeAll.swift */; };
		5B34572120C77ADC00EB4572 /* Wallpapers_Home.swift in Sources */ = {isa = PBXBuildFile; fileRef = 5B34572020C77ADC00EB4572 /* Wallpapers_Home.swift */; };
		5B34572320C77AF400EB4572 /* LiveWallpapers_Home.swift in Sources */ = {isa = PBXBuildFile; fileRef = 5B34572220C77AF400EB4572 /* LiveWallpapers_Home.swift */; };
		5B65624920C67ADA00E02062 /* CollViewCell1.swift in Sources */ = {isa = PBXBuildFile; fileRef = 5B65624820C67ADA00E02062 /* CollViewCell1.swift */; };
		5BB6400520C4EA2B00FD7042 /* Home.swift in Sources */ = {isa = PBXBuildFile; fileRef = 5BB6400420C4EA2B00FD7042 /* Home.swift */; };
		5BB6400720C4EAEC00FD7042 /* YourWallpapers.swift in Sources */ = {isa = PBXBuildFile; fileRef = 5BB6400620C4EAEC00FD7042 /* YourWallpapers.swift */; };
		5BCE293D20C8DE7A00DE7037 /* Wallpapers_My.swift in Sources */ = {isa = PBXBuildFile; fileRef = 5BCE293C20C8DE7A00DE7037 /* Wallpapers_My.swift */; };
		5BCE293F20C8DEA400DE7037 /* LiveWallpapers_My.swift in Sources */ = {isa = PBXBuildFile; fileRef = 5BCE293E20C8DEA400DE7037 /* LiveWallpapers_My.swift */; };
		5BCE294320C9311000DE7037 /* AllWallpapers_Coll.swift in Sources */ = {isa = PBXBuildFile; fileRef = 5BCE294220C9311000DE7037 /* AllWallpapers_Coll.swift */; };
		82E41ED0EFAB9B25846D3608 /* Pods_WallPaperTests.framework in Frameworks */ = {isa = PBXBuildFile; fileRef = EC1C8E3AA1D9949C803A2EC5 /* Pods_WallPaperTests.framework */; };
		CE88D7E020CA218B0001A5B1 /* ClickImageCateView.swift in Sources */ = {isa = PBXBuildFile; fileRef = CE88D7DF20CA218B0001A5B1 /* ClickImageCateView.swift */; };
		CEACD2EA20C7E580007499EE /* None_TableViewCell.swift in Sources */ = {isa = PBXBuildFile; fileRef = CEACD2E920C7E580007499EE /* None_TableViewCell.swift */; };
		CEDD294920C4E9D80042D0E7 /* CategogiesView.swift in Sources */ = {isa = PBXBuildFile; fileRef = CEDD294820C4E9D80042D0E7 /* CategogiesView.swift */; };
		CEEB800820C63C2B00D54A3C /* Horizontal_CollectionView.swift in Sources */ = {isa = PBXBuildFile; fileRef = CEEB800720C63C2B00D54A3C /* Horizontal_CollectionView.swift */; };
		CEEB800A20C63C5100D54A3C /* Vertical_CollectionView.swift in Sources */ = {isa = PBXBuildFile; fileRef = CEEB800920C63C5100D54A3C /* Vertical_CollectionView.swift */; };
		F4CD584523E8D92A3D997A1D /* Pods_WallPaperUITests.framework in Frameworks */ = {isa = PBXBuildFile; fileRef = C588CF9E40BADBAB6B056E80 /* Pods_WallPaperUITests.framework */; };
/* End PBXBuildFile section */

/* Begin PBXContainerItemProxy section */
		040ED79820C4DF4C00B6A0E6 /* PBXContainerItemProxy */ = {
			isa = PBXContainerItemProxy;
			containerPortal = 040ED77820C4DF4A00B6A0E6 /* Project object */;
			proxyType = 1;
			remoteGlobalIDString = 040ED77F20C4DF4A00B6A0E6;
			remoteInfo = WallPaper;
		};
		040ED7A320C4DF4C00B6A0E6 /* PBXContainerItemProxy */ = {
			isa = PBXContainerItemProxy;
			containerPortal = 040ED77820C4DF4A00B6A0E6 /* Project object */;
			proxyType = 1;
			remoteGlobalIDString = 040ED77F20C4DF4A00B6A0E6;
			remoteInfo = WallPaper;
		};
/* End PBXContainerItemProxy section */

/* Begin PBXFileReference section */
		040ED78020C4DF4A00B6A0E6 /* WallPaper.app */ = {isa = PBXFileReference; explicitFileType = wrapper.application; includeInIndex = 0; path = WallPaper.app; sourceTree = BUILT_PRODUCTS_DIR; };
		040ED78320C4DF4A00B6A0E6 /* AppDelegate.swift */ = {isa = PBXFileReference; lastKnownFileType = sourcecode.swift; path = AppDelegate.swift; sourceTree = "<group>"; };
		040ED78520C4DF4A00B6A0E6 /* ViewController.swift */ = {isa = PBXFileReference; lastKnownFileType = sourcecode.swift; path = ViewController.swift; sourceTree = "<group>"; };
		040ED78820C4DF4A00B6A0E6 /* Base */ = {isa = PBXFileReference; lastKnownFileType = file.storyboard; name = Base; path = Base.lproj/Main.storyboard; sourceTree = "<group>"; };
		040ED78B20C4DF4A00B6A0E6 /* WallPaper.xcdatamodel */ = {isa = PBXFileReference; lastKnownFileType = wrapper.xcdatamodel; path = WallPaper.xcdatamodel; sourceTree = "<group>"; };
		040ED78D20C4DF4C00B6A0E6 /* Assets.xcassets */ = {isa = PBXFileReference; lastKnownFileType = folder.assetcatalog; path = Assets.xcassets; sourceTree = "<group>"; };
		040ED79020C4DF4C00B6A0E6 /* Base */ = {isa = PBXFileReference; lastKnownFileType = file.storyboard; name = Base; path = Base.lproj/LaunchScreen.storyboard; sourceTree = "<group>"; };
		040ED79220C4DF4C00B6A0E6 /* Info.plist */ = {isa = PBXFileReference; lastKnownFileType = text.plist.xml; path = Info.plist; sourceTree = "<group>"; };
		040ED79720C4DF4C00B6A0E6 /* WallPaperTests.xctest */ = {isa = PBXFileReference; explicitFileType = wrapper.cfbundle; includeInIndex = 0; path = WallPaperTests.xctest; sourceTree = BUILT_PRODUCTS_DIR; };
		040ED79B20C4DF4C00B6A0E6 /* WallPaperTests.swift */ = {isa = PBXFileReference; lastKnownFileType = sourcecode.swift; path = WallPaperTests.swift; sourceTree = "<group>"; };
		040ED79D20C4DF4C00B6A0E6 /* Info.plist */ = {isa = PBXFileReference; lastKnownFileType = text.plist.xml; path = Info.plist; sourceTree = "<group>"; };
		040ED7A220C4DF4C00B6A0E6 /* WallPaperUITests.xctest */ = {isa = PBXFileReference; explicitFileType = wrapper.cfbundle; includeInIndex = 0; path = WallPaperUITests.xctest; sourceTree = BUILT_PRODUCTS_DIR; };
		040ED7A620C4DF4C00B6A0E6 /* WallPaperUITests.swift */ = {isa = PBXFileReference; lastKnownFileType = sourcecode.swift; path = WallPaperUITests.swift; sourceTree = "<group>"; };
		040ED7A820C4DF4C00B6A0E6 /* Info.plist */ = {isa = PBXFileReference; lastKnownFileType = text.plist.xml; path = Info.plist; sourceTree = "<group>"; };
		040ED7BE20C4E39C00B6A0E6 /* Alert.swift */ = {isa = PBXFileReference; fileEncoding = 4; lastKnownFileType = sourcecode.swift; path = Alert.swift; sourceTree = "<group>"; };
		040ED7BF20C4E39C00B6A0E6 /* Reachability.swift */ = {isa = PBXFileReference; fileEncoding = 4; lastKnownFileType = sourcecode.swift; path = Reachability.swift; sourceTree = "<group>"; };
		040ED7C020C4E39C00B6A0E6 /* UIButton+Extention.swift */ = {isa = PBXFileReference; fileEncoding = 4; lastKnownFileType = sourcecode.swift; path = "UIButton+Extention.swift"; sourceTree = "<group>"; };
		040ED7C120C4E39D00B6A0E6 /* UILable+Extention.swift */ = {isa = PBXFileReference; fileEncoding = 4; lastKnownFileType = sourcecode.swift; path = "UILable+Extention.swift"; sourceTree = "<group>"; };
		040ED7C220C4E39D00B6A0E6 /* GoogleAdsMob.swift */ = {isa = PBXFileReference; fileEncoding = 4; lastKnownFileType = sourcecode.swift; path = GoogleAdsMob.swift; sourceTree = "<group>"; };
		040ED7C320C4E39D00B6A0E6 /* UIView+Extention.swift */ = {isa = PBXFileReference; fileEncoding = 4; lastKnownFileType = sourcecode.swift; path = "UIView+Extention.swift"; sourceTree = "<group>"; };
		040ED7CD20C4E3F900B6A0E6 /* Config.swift */ = {isa = PBXFileReference; fileEncoding = 4; lastKnownFileType = sourcecode.swift; path = Config.swift; sourceTree = "<group>"; };
		040ED7D120C4E92200B6A0E6 /* RemainDatView.rtf */ = {isa = PBXFileReference; lastKnownFileType = text.rtf; path = RemainDatView.rtf; sourceTree = "<group>"; };
		040ED7D320C4E93C00B6A0E6 /* RemainHieuView.rtf */ = {isa = PBXFileReference; lastKnownFileType = text.rtf; path = RemainHieuView.rtf; sourceTree = "<group>"; };
		040ED7D820C4F57F00B6A0E6 /* SF-Pro-Display-Regular.otf */ = {isa = PBXFileReference; lastKnownFileType = file; path = "SF-Pro-Display-Regular.otf"; sourceTree = "<group>"; };
		040ED7D920C4F57F00B6A0E6 /* SF-Pro-Display-Semibold.otf */ = {isa = PBXFileReference; lastKnownFileType = file; path = "SF-Pro-Display-Semibold.otf"; sourceTree = "<group>"; };
		040ED7DA20C4F57F00B6A0E6 /* SF-Pro-Display-Bold.otf */ = {isa = PBXFileReference; lastKnownFileType = file; path = "SF-Pro-Display-Bold.otf"; sourceTree = "<group>"; };
		040ED7DE20C4F5D600B6A0E6 /* SF-Pro-Text-Medium.otf */ = {isa = PBXFileReference; lastKnownFileType = file; path = "SF-Pro-Text-Medium.otf"; sourceTree = "<group>"; };
		040ED7DF20C4F5D700B6A0E6 /* SF-Pro-Text-Regular.otf */ = {isa = PBXFileReference; lastKnownFileType = file; path = "SF-Pro-Text-Regular.otf"; sourceTree = "<group>"; };
		040ED7E020C4F5D700B6A0E6 /* SF-Pro-Text-Semibold.otf */ = {isa = PBXFileReference; lastKnownFileType = file; path = "SF-Pro-Text-Semibold.otf"; sourceTree = "<group>"; };
		040ED7E420C4F6A000B6A0E6 /* DataOfAppLife.swift */ = {isa = PBXFileReference; fileEncoding = 4; lastKnownFileType = sourcecode.swift; path = DataOfAppLife.swift; sourceTree = "<group>"; };
		0443906720C54D2F00FDD30A /* Name_Cate_TableViewCell.swift */ = {isa = PBXFileReference; lastKnownFileType = sourcecode.swift; path = Name_Cate_TableViewCell.swift; sourceTree = "<group>"; };
		0443906920C54D4800FDD30A /* Collection_H_TableViewCell.swift */ = {isa = PBXFileReference; lastKnownFileType = sourcecode.swift; path = Collection_H_TableViewCell.swift; sourceTree = "<group>"; };
		0443906B20C54D5A00FDD30A /* Collection_V_TableViewCell.swift */ = {isa = PBXFileReference; lastKnownFileType = sourcecode.swift; path = Collection_V_TableViewCell.swift; sourceTree = "<group>"; };
		049BCD8020C62D31003C5101 /* HBSegmentedControl.swift */ = {isa = PBXFileReference; fileEncoding = 4; lastKnownFileType = sourcecode.swift; path = HBSegmentedControl.swift; sourceTree = "<group>"; };
		39C5892EC1713EF322C64A0D /* Pods-WallPaperUITests.release.xcconfig */ = {isa = PBXFileReference; includeInIndex = 1; lastKnownFileType = text.xcconfig; name = "Pods-WallPaperUITests.release.xcconfig"; path = "Pods/Target Support Files/Pods-WallPaperUITests/Pods-WallPaperUITests.release.xcconfig"; sourceTree = "<group>"; };
		506B7A5FC3D638168EF3BDF8 /* Pods-WallPaperUITests.debug.xcconfig */ = {isa = PBXFileReference; includeInIndex = 1; lastKnownFileType = text.xcconfig; name = "Pods-WallPaperUITests.debug.xcconfig"; path = "Pods/Target Support Files/Pods-WallPaperUITests/Pods-WallPaperUITests.debug.xcconfig"; sourceTree = "<group>"; };
		5B09FA5620CA2B5A00FEE1AD /* Categories_SeeAll.swift */ = {isa = PBXFileReference; lastKnownFileType = sourcecode.swift; path = Categories_SeeAll.swift; sourceTree = "<group>"; };
		5B09FA5820CA2B7700FEE1AD /* Wallpapers_SeeAll.swift */ = {isa = PBXFileReference; lastKnownFileType = sourcecode.swift; path = Wallpapers_SeeAll.swift; sourceTree = "<group>"; };
		5B09FA5A20CA2B9800FEE1AD /* LiveWallpapers_SeeAll.swift */ = {isa = PBXFileReference; lastKnownFileType = sourcecode.swift; path = LiveWallpapers_SeeAll.swift; sourceTree = "<group>"; };
		5B34572020C77ADC00EB4572 /* Wallpapers_Home.swift */ = {isa = PBXFileReference; lastKnownFileType = sourcecode.swift; path = Wallpapers_Home.swift; sourceTree = "<group>"; };
		5B34572220C77AF400EB4572 /* LiveWallpapers_Home.swift */ = {isa = PBXFileReference; lastKnownFileType = sourcecode.swift; path = LiveWallpapers_Home.swift; sourceTree = "<group>"; };
		5B65624820C67ADA00E02062 /* CollViewCell1.swift */ = {isa = PBXFileReference; lastKnownFileType = sourcecode.swift; path = CollViewCell1.swift; sourceTree = "<group>"; };
		5BB6400420C4EA2B00FD7042 /* Home.swift */ = {isa = PBXFileReference; lastKnownFileType = sourcecode.swift; path = Home.swift; sourceTree = "<group>"; };
		5BB6400620C4EAEC00FD7042 /* YourWallpapers.swift */ = {isa = PBXFileReference; lastKnownFileType = sourcecode.swift; path = YourWallpapers.swift; sourceTree = "<group>"; };
		5BCE293C20C8DE7A00DE7037 /* Wallpapers_My.swift */ = {isa = PBXFileReference; lastKnownFileType = sourcecode.swift; path = Wallpapers_My.swift; sourceTree = "<group>"; };
		5BCE293E20C8DEA400DE7037 /* LiveWallpapers_My.swift */ = {isa = PBXFileReference; lastKnownFileType = sourcecode.swift; path = LiveWallpapers_My.swift; sourceTree = "<group>"; };
		5BCE294220C9311000DE7037 /* AllWallpapers_Coll.swift */ = {isa = PBXFileReference; lastKnownFileType = sourcecode.swift; path = AllWallpapers_Coll.swift; sourceTree = "<group>"; };
		5C64DB235184E44293BA13D0 /* Pods-WallPaperTests.release.xcconfig */ = {isa = PBXFileReference; includeInIndex = 1; lastKnownFileType = text.xcconfig; name = "Pods-WallPaperTests.release.xcconfig"; path = "Pods/Target Support Files/Pods-WallPaperTests/Pods-WallPaperTests.release.xcconfig"; sourceTree = "<group>"; };
		8659C4DA75A63185C9F34869 /* Pods_WallPaper.framework */ = {isa = PBXFileReference; explicitFileType = wrapper.framework; includeInIndex = 0; path = Pods_WallPaper.framework; sourceTree = BUILT_PRODUCTS_DIR; };
		9F93E1FEBA5BF3065BDA6768 /* Pods-WallPaper.debug.xcconfig */ = {isa = PBXFileReference; includeInIndex = 1; lastKnownFileType = text.xcconfig; name = "Pods-WallPaper.debug.xcconfig"; path = "Pods/Target Support Files/Pods-WallPaper/Pods-WallPaper.debug.xcconfig"; sourceTree = "<group>"; };
		C588CF9E40BADBAB6B056E80 /* Pods_WallPaperUITests.framework */ = {isa = PBXFileReference; explicitFileType = wrapper.framework; includeInIndex = 0; path = Pods_WallPaperUITests.framework; sourceTree = BUILT_PRODUCTS_DIR; };
		CE88D7DF20CA218B0001A5B1 /* ClickImageCateView.swift */ = {isa = PBXFileReference; lastKnownFileType = sourcecode.swift; path = ClickImageCateView.swift; sourceTree = "<group>"; };
		CEACD2E920C7E580007499EE /* None_TableViewCell.swift */ = {isa = PBXFileReference; lastKnownFileType = sourcecode.swift; path = None_TableViewCell.swift; sourceTree = "<group>"; };
		CEDD294820C4E9D80042D0E7 /* CategogiesView.swift */ = {isa = PBXFileReference; lastKnownFileType = sourcecode.swift; path = CategogiesView.swift; sourceTree = "<group>"; };
		CEEB800720C63C2B00D54A3C /* Horizontal_CollectionView.swift */ = {isa = PBXFileReference; lastKnownFileType = sourcecode.swift; path = Horizontal_CollectionView.swift; sourceTree = "<group>"; };
		CEEB800920C63C5100D54A3C /* Vertical_CollectionView.swift */ = {isa = PBXFileReference; lastKnownFileType = sourcecode.swift; path = Vertical_CollectionView.swift; sourceTree = "<group>"; };
		D915AB1BDD109AB6579E672C /* Pods-WallPaper.release.xcconfig */ = {isa = PBXFileReference; includeInIndex = 1; lastKnownFileType = text.xcconfig; name = "Pods-WallPaper.release.xcconfig"; path = "Pods/Target Support Files/Pods-WallPaper/Pods-WallPaper.release.xcconfig"; sourceTree = "<group>"; };
		EC1C8E3AA1D9949C803A2EC5 /* Pods_WallPaperTests.framework */ = {isa = PBXFileReference; explicitFileType = wrapper.framework; includeInIndex = 0; path = Pods_WallPaperTests.framework; sourceTree = BUILT_PRODUCTS_DIR; };
		F465045DE1B4BB7569431353 /* Pods-WallPaperTests.debug.xcconfig */ = {isa = PBXFileReference; includeInIndex = 1; lastKnownFileType = text.xcconfig; name = "Pods-WallPaperTests.debug.xcconfig"; path = "Pods/Target Support Files/Pods-WallPaperTests/Pods-WallPaperTests.debug.xcconfig"; sourceTree = "<group>"; };
/* End PBXFileReference section */

/* Begin PBXFrameworksBuildPhase section */
		040ED77D20C4DF4A00B6A0E6 /* Frameworks */ = {
			isa = PBXFrameworksBuildPhase;
			buildActionMask = 2147483647;
			files = (
				02498E88D5D01FBF4B75C7DA /* Pods_WallPaper.framework in Frameworks */,
			);
			runOnlyForDeploymentPostprocessing = 0;
		};
		040ED79420C4DF4C00B6A0E6 /* Frameworks */ = {
			isa = PBXFrameworksBuildPhase;
			buildActionMask = 2147483647;
			files = (
				82E41ED0EFAB9B25846D3608 /* Pods_WallPaperTests.framework in Frameworks */,
			);
			runOnlyForDeploymentPostprocessing = 0;
		};
		040ED79F20C4DF4C00B6A0E6 /* Frameworks */ = {
			isa = PBXFrameworksBuildPhase;
			buildActionMask = 2147483647;
			files = (
				F4CD584523E8D92A3D997A1D /* Pods_WallPaperUITests.framework in Frameworks */,
			);
			runOnlyForDeploymentPostprocessing = 0;
		};
/* End PBXFrameworksBuildPhase section */

/* Begin PBXGroup section */
		040ED77720C4DF4A00B6A0E6 = {
			isa = PBXGroup;
			children = (
				040ED7E420C4F6A000B6A0E6 /* DataOfAppLife.swift */,
				040ED78220C4DF4A00B6A0E6 /* WallPaper */,
				040ED79A20C4DF4C00B6A0E6 /* WallPaperTests */,
				040ED7A520C4DF4C00B6A0E6 /* WallPaperUITests */,
				040ED78120C4DF4A00B6A0E6 /* Products */,
				EA071DD61D46880A636C766F /* Pods */,
				85EC098A476E5A49E9574095 /* Frameworks */,
			);
			sourceTree = "<group>";
		};
		040ED78120C4DF4A00B6A0E6 /* Products */ = {
			isa = PBXGroup;
			children = (
				040ED78020C4DF4A00B6A0E6 /* WallPaper.app */,
				040ED79720C4DF4C00B6A0E6 /* WallPaperTests.xctest */,
				040ED7A220C4DF4C00B6A0E6 /* WallPaperUITests.xctest */,
			);
			name = Products;
			sourceTree = "<group>";
		};
		040ED78220C4DF4A00B6A0E6 /* WallPaper */ = {
			isa = PBXGroup;
			children = (
				040ED7CC20C4E3DB00B6A0E6 /* Config */,
				040ED7B920C4E27900B6A0E6 /* Resource */,
				040ED7B820C4E26E00B6A0E6 /* Main */,
				040ED7B720C4E25E00B6A0E6 /* Base */,
				040ED7B620C4E24C00B6A0E6 /* Ultis */,
				040ED7B520C4E23300B6A0E6 /* Library */,
				040ED7B420C4E1FE00B6A0E6 /* Framework */,
				040ED78320C4DF4A00B6A0E6 /* AppDelegate.swift */,
				040ED78520C4DF4A00B6A0E6 /* ViewController.swift */,
				040ED78720C4DF4A00B6A0E6 /* Main.storyboard */,
				040ED78D20C4DF4C00B6A0E6 /* Assets.xcassets */,
				040ED78F20C4DF4C00B6A0E6 /* LaunchScreen.storyboard */,
				040ED79220C4DF4C00B6A0E6 /* Info.plist */,
				040ED78A20C4DF4A00B6A0E6 /* WallPaper.xcdatamodeld */,
			);
			path = WallPaper;
			sourceTree = "<group>";
		};
		040ED79A20C4DF4C00B6A0E6 /* WallPaperTests */ = {
			isa = PBXGroup;
			children = (
				040ED79B20C4DF4C00B6A0E6 /* WallPaperTests.swift */,
				040ED79D20C4DF4C00B6A0E6 /* Info.plist */,
			);
			path = WallPaperTests;
			sourceTree = "<group>";
		};
		040ED7A520C4DF4C00B6A0E6 /* WallPaperUITests */ = {
			isa = PBXGroup;
			children = (
				040ED7A620C4DF4C00B6A0E6 /* WallPaperUITests.swift */,
				040ED7A820C4DF4C00B6A0E6 /* Info.plist */,
			);
			path = WallPaperUITests;
			sourceTree = "<group>";
		};
		040ED7B420C4E1FE00B6A0E6 /* Framework */ = {
			isa = PBXGroup;
			children = (
			);
			path = Framework;
			sourceTree = "<group>";
		};
		040ED7B520C4E23300B6A0E6 /* Library */ = {
			isa = PBXGroup;
			children = (
			);
			path = Library;
			sourceTree = "<group>";
		};
		040ED7B620C4E24C00B6A0E6 /* Ultis */ = {
			isa = PBXGroup;
			children = (
				040ED7BE20C4E39C00B6A0E6 /* Alert.swift */,
				040ED7C220C4E39D00B6A0E6 /* GoogleAdsMob.swift */,
				040ED7BF20C4E39C00B6A0E6 /* Reachability.swift */,
				040ED7C020C4E39C00B6A0E6 /* UIButton+Extention.swift */,
				040ED7C120C4E39D00B6A0E6 /* UILable+Extention.swift */,
				040ED7C320C4E39D00B6A0E6 /* UIView+Extention.swift */,
			);
			path = Ultis;
			sourceTree = "<group>";
		};
		040ED7B720C4E25E00B6A0E6 /* Base */ = {
			isa = PBXGroup;
			children = (
			);
			path = Base;
			sourceTree = "<group>";
		};
		040ED7B820C4E26E00B6A0E6 /* Main */ = {
			isa = PBXGroup;
			children = (
				040ED7BD20C4E31600B6A0E6 /* View */,
				040ED7BC20C4E30F00B6A0E6 /* Model */,
				040ED7BB20C4E30700B6A0E6 /* Controller */,
				040ED7BA20C4E2FB00B6A0E6 /* Custom */,
			);
			path = Main;
			sourceTree = "<group>";
		};
		040ED7B920C4E27900B6A0E6 /* Resource */ = {
			isa = PBXGroup;
			children = (
				040ED7D720C4F56F00B6A0E6 /* Fonts */,
			);
			path = Resource;
			sourceTree = "<group>";
		};
		040ED7BA20C4E2FB00B6A0E6 /* Custom */ = {
			isa = PBXGroup;
			children = (
			);
			path = Custom;
			sourceTree = "<group>";
		};
		040ED7BB20C4E30700B6A0E6 /* Controller */ = {
			isa = PBXGroup;
			children = (
			);
			path = Controller;
			sourceTree = "<group>";
		};
		040ED7BC20C4E30F00B6A0E6 /* Model */ = {
			isa = PBXGroup;
			children = (
			);
			path = Model;
			sourceTree = "<group>";
		};
		040ED7BD20C4E31600B6A0E6 /* View */ = {
			isa = PBXGroup;
			children = (
				040ED7D020C4E63C00B6A0E6 /* Hieu */,
				040ED7CF20C4E63200B6A0E6 /* Dat */,
			);
			path = View;
			sourceTree = "<group>";
		};
		040ED7CC20C4E3DB00B6A0E6 /* Config */ = {
			isa = PBXGroup;
			children = (
				040ED7CD20C4E3F900B6A0E6 /* Config.swift */,
			);
			path = Config;
			sourceTree = "<group>";
		};
		040ED7CF20C4E63200B6A0E6 /* Dat */ = {
			isa = PBXGroup;
			children = (
				040ED7D320C4E93C00B6A0E6 /* RemainHieuView.rtf */,
				CE88D7DF20CA218B0001A5B1 /* ClickImageCateView.swift */,
				CEDD294820C4E9D80042D0E7 /* CategogiesView.swift */,
				0443906720C54D2F00FDD30A /* Name_Cate_TableViewCell.swift */,
				0443906920C54D4800FDD30A /* Collection_H_TableViewCell.swift */,
				0443906B20C54D5A00FDD30A /* Collection_V_TableViewCell.swift */,
				CEEB800720C63C2B00D54A3C /* Horizontal_CollectionView.swift */,
				CEEB800920C63C5100D54A3C /* Vertical_CollectionView.swift */,
				CEACD2E920C7E580007499EE /* None_TableViewCell.swift */,
			);
			path = Dat;
			sourceTree = "<group>";
		};
		040ED7D020C4E63C00B6A0E6 /* Hieu */ = {
			isa = PBXGroup;
			children = (
				049BCD8020C62D31003C5101 /* HBSegmentedControl.swift */,
				040ED7D120C4E92200B6A0E6 /* RemainDatView.rtf */,
				5BB6400420C4EA2B00FD7042 /* Home.swift */,
				5BB6400620C4EAEC00FD7042 /* YourWallpapers.swift */,
				5B65624820C67ADA00E02062 /* CollViewCell1.swift */,
				5B34572020C77ADC00EB4572 /* Wallpapers_Home.swift */,
				5B34572220C77AF400EB4572 /* LiveWallpapers_Home.swift */,
				5BCE293C20C8DE7A00DE7037 /* Wallpapers_My.swift */,
				5BCE293E20C8DEA400DE7037 /* LiveWallpapers_My.swift */,
				5BCE294220C9311000DE7037 /* AllWallpapers_Coll.swift */,
				5B09FA5620CA2B5A00FEE1AD /* Categories_SeeAll.swift */,
				5B09FA5820CA2B7700FEE1AD /* Wallpapers_SeeAll.swift */,
				5B09FA5A20CA2B9800FEE1AD /* LiveWallpapers_SeeAll.swift */,
			);
			path = Hieu;
			sourceTree = "<group>";
		};
		040ED7D720C4F56F00B6A0E6 /* Fonts */ = {
			isa = PBXGroup;
			children = (
				040ED7DE20C4F5D600B6A0E6 /* SF-Pro-Text-Medium.otf */,
				040ED7DF20C4F5D700B6A0E6 /* SF-Pro-Text-Regular.otf */,
				040ED7E020C4F5D700B6A0E6 /* SF-Pro-Text-Semibold.otf */,
				040ED7DA20C4F57F00B6A0E6 /* SF-Pro-Display-Bold.otf */,
				040ED7D820C4F57F00B6A0E6 /* SF-Pro-Display-Regular.otf */,
				040ED7D920C4F57F00B6A0E6 /* SF-Pro-Display-Semibold.otf */,
			);
			path = Fonts;
			sourceTree = "<group>";
		};
		85EC098A476E5A49E9574095 /* Frameworks */ = {
			isa = PBXGroup;
			children = (
				8659C4DA75A63185C9F34869 /* Pods_WallPaper.framework */,
				EC1C8E3AA1D9949C803A2EC5 /* Pods_WallPaperTests.framework */,
				C588CF9E40BADBAB6B056E80 /* Pods_WallPaperUITests.framework */,
			);
			name = Frameworks;
			sourceTree = "<group>";
		};
		EA071DD61D46880A636C766F /* Pods */ = {
			isa = PBXGroup;
			children = (
				9F93E1FEBA5BF3065BDA6768 /* Pods-WallPaper.debug.xcconfig */,
				D915AB1BDD109AB6579E672C /* Pods-WallPaper.release.xcconfig */,
				F465045DE1B4BB7569431353 /* Pods-WallPaperTests.debug.xcconfig */,
				5C64DB235184E44293BA13D0 /* Pods-WallPaperTests.release.xcconfig */,
				506B7A5FC3D638168EF3BDF8 /* Pods-WallPaperUITests.debug.xcconfig */,
				39C5892EC1713EF322C64A0D /* Pods-WallPaperUITests.release.xcconfig */,
			);
			name = Pods;
			sourceTree = "<group>";
		};
/* End PBXGroup section */

/* Begin PBXNativeTarget section */
		040ED77F20C4DF4A00B6A0E6 /* WallPaper */ = {
			isa = PBXNativeTarget;
			buildConfigurationList = 040ED7AB20C4DF4C00B6A0E6 /* Build configuration list for PBXNativeTarget "WallPaper" */;
			buildPhases = (
				07096F4D049E5D09CBA687F7 /* [CP] Check Pods Manifest.lock */,
				040ED77C20C4DF4A00B6A0E6 /* Sources */,
				040ED77D20C4DF4A00B6A0E6 /* Frameworks */,
				040ED77E20C4DF4A00B6A0E6 /* Resources */,
			);
			buildRules = (
			);
			dependencies = (
			);
			name = WallPaper;
			productName = WallPaper;
			productReference = 040ED78020C4DF4A00B6A0E6 /* WallPaper.app */;
			productType = "com.apple.product-type.application";
		};
		040ED79620C4DF4C00B6A0E6 /* WallPaperTests */ = {
			isa = PBXNativeTarget;
			buildConfigurationList = 040ED7AE20C4DF4C00B6A0E6 /* Build configuration list for PBXNativeTarget "WallPaperTests" */;
			buildPhases = (
				5599CFC73DA5BDB90B13A34F /* [CP] Check Pods Manifest.lock */,
				040ED79320C4DF4C00B6A0E6 /* Sources */,
				040ED79420C4DF4C00B6A0E6 /* Frameworks */,
				040ED79520C4DF4C00B6A0E6 /* Resources */,
			);
			buildRules = (
			);
			dependencies = (
				040ED79920C4DF4C00B6A0E6 /* PBXTargetDependency */,
			);
			name = WallPaperTests;
			productName = WallPaperTests;
			productReference = 040ED79720C4DF4C00B6A0E6 /* WallPaperTests.xctest */;
			productType = "com.apple.product-type.bundle.unit-test";
		};
		040ED7A120C4DF4C00B6A0E6 /* WallPaperUITests */ = {
			isa = PBXNativeTarget;
			buildConfigurationList = 040ED7B120C4DF4C00B6A0E6 /* Build configuration list for PBXNativeTarget "WallPaperUITests" */;
			buildPhases = (
				A380FB0FE111127ED0CA7D7E /* [CP] Check Pods Manifest.lock */,
				040ED79E20C4DF4C00B6A0E6 /* Sources */,
				040ED79F20C4DF4C00B6A0E6 /* Frameworks */,
				040ED7A020C4DF4C00B6A0E6 /* Resources */,
			);
			buildRules = (
			);
			dependencies = (
				040ED7A420C4DF4C00B6A0E6 /* PBXTargetDependency */,
			);
			name = WallPaperUITests;
			productName = WallPaperUITests;
			productReference = 040ED7A220C4DF4C00B6A0E6 /* WallPaperUITests.xctest */;
			productType = "com.apple.product-type.bundle.ui-testing";
		};
/* End PBXNativeTarget section */

/* Begin PBXProject section */
		040ED77820C4DF4A00B6A0E6 /* Project object */ = {
			isa = PBXProject;
			attributes = {
				LastSwiftUpdateCheck = 0930;
				LastUpgradeCheck = 0930;
				ORGANIZATIONNAME = NatsuSalamada;
				TargetAttributes = {
					040ED77F20C4DF4A00B6A0E6 = {
						CreatedOnToolsVersion = 9.3.1;
					};
					040ED79620C4DF4C00B6A0E6 = {
						CreatedOnToolsVersion = 9.3.1;
						TestTargetID = 040ED77F20C4DF4A00B6A0E6;
					};
					040ED7A120C4DF4C00B6A0E6 = {
						CreatedOnToolsVersion = 9.3.1;
						TestTargetID = 040ED77F20C4DF4A00B6A0E6;
					};
				};
			};
			buildConfigurationList = 040ED77B20C4DF4A00B6A0E6 /* Build configuration list for PBXProject "WallPaper" */;
			compatibilityVersion = "Xcode 9.3";
			developmentRegion = en;
			hasScannedForEncodings = 0;
			knownRegions = (
				en,
				Base,
			);
			mainGroup = 040ED77720C4DF4A00B6A0E6;
			productRefGroup = 040ED78120C4DF4A00B6A0E6 /* Products */;
			projectDirPath = "";
			projectRoot = "";
			targets = (
				040ED77F20C4DF4A00B6A0E6 /* WallPaper */,
				040ED79620C4DF4C00B6A0E6 /* WallPaperTests */,
				040ED7A120C4DF4C00B6A0E6 /* WallPaperUITests */,
			);
		};
/* End PBXProject section */

/* Begin PBXResourcesBuildPhase section */
		040ED77E20C4DF4A00B6A0E6 /* Resources */ = {
			isa = PBXResourcesBuildPhase;
			buildActionMask = 2147483647;
			files = (
				040ED79120C4DF4C00B6A0E6 /* LaunchScreen.storyboard in Resources */,
				040ED78E20C4DF4C00B6A0E6 /* Assets.xcassets in Resources */,
				040ED7D420C4E93C00B6A0E6 /* RemainHieuView.rtf in Resources */,
				040ED7DC20C4F57F00B6A0E6 /* SF-Pro-Display-Semibold.otf in Resources */,
				040ED78920C4DF4A00B6A0E6 /* Main.storyboard in Resources */,
				040ED7DB20C4F57F00B6A0E6 /* SF-Pro-Display-Regular.otf in Resources */,
				040ED7E220C4F5D700B6A0E6 /* SF-Pro-Text-Regular.otf in Resources */,
				040ED7DD20C4F57F00B6A0E6 /* SF-Pro-Display-Bold.otf in Resources */,
				040ED7E320C4F5D700B6A0E6 /* SF-Pro-Text-Semibold.otf in Resources */,
				040ED7D220C4E92200B6A0E6 /* RemainDatView.rtf in Resources */,
				040ED7E120C4F5D700B6A0E6 /* SF-Pro-Text-Medium.otf in Resources */,
			);
			runOnlyForDeploymentPostprocessing = 0;
		};
		040ED79520C4DF4C00B6A0E6 /* Resources */ = {
			isa = PBXResourcesBuildPhase;
			buildActionMask = 2147483647;
			files = (
			);
			runOnlyForDeploymentPostprocessing = 0;
		};
		040ED7A020C4DF4C00B6A0E6 /* Resources */ = {
			isa = PBXResourcesBuildPhase;
			buildActionMask = 2147483647;
			files = (
			);
			runOnlyForDeploymentPostprocessing = 0;
		};
/* End PBXResourcesBuildPhase section */

/* Begin PBXShellScriptBuildPhase section */
		07096F4D049E5D09CBA687F7 /* [CP] Check Pods Manifest.lock */ = {
			isa = PBXShellScriptBuildPhase;
			buildActionMask = 2147483647;
			files = (
			);
			inputPaths = (
				"${PODS_PODFILE_DIR_PATH}/Podfile.lock",
				"${PODS_ROOT}/Manifest.lock",
			);
			name = "[CP] Check Pods Manifest.lock";
			outputPaths = (
				"$(DERIVED_FILE_DIR)/Pods-WallPaper-checkManifestLockResult.txt",
			);
			runOnlyForDeploymentPostprocessing = 0;
			shellPath = /bin/sh;
			shellScript = "diff \"${PODS_PODFILE_DIR_PATH}/Podfile.lock\" \"${PODS_ROOT}/Manifest.lock\" > /dev/null\nif [ $? != 0 ] ; then\n    # print error to STDERR\n    echo \"error: The sandbox is not in sync with the Podfile.lock. Run 'pod install' or update your CocoaPods installation.\" >&2\n    exit 1\nfi\n# This output is used by Xcode 'outputs' to avoid re-running this script phase.\necho \"SUCCESS\" > \"${SCRIPT_OUTPUT_FILE_0}\"\n";
			showEnvVarsInLog = 0;
		};
		5599CFC73DA5BDB90B13A34F /* [CP] Check Pods Manifest.lock */ = {
			isa = PBXShellScriptBuildPhase;
			buildActionMask = 2147483647;
			files = (
			);
			inputPaths = (
				"${PODS_PODFILE_DIR_PATH}/Podfile.lock",
				"${PODS_ROOT}/Manifest.lock",
			);
			name = "[CP] Check Pods Manifest.lock";
			outputPaths = (
				"$(DERIVED_FILE_DIR)/Pods-WallPaperTests-checkManifestLockResult.txt",
			);
			runOnlyForDeploymentPostprocessing = 0;
			shellPath = /bin/sh;
			shellScript = "diff \"${PODS_PODFILE_DIR_PATH}/Podfile.lock\" \"${PODS_ROOT}/Manifest.lock\" > /dev/null\nif [ $? != 0 ] ; then\n    # print error to STDERR\n    echo \"error: The sandbox is not in sync with the Podfile.lock. Run 'pod install' or update your CocoaPods installation.\" >&2\n    exit 1\nfi\n# This output is used by Xcode 'outputs' to avoid re-running this script phase.\necho \"SUCCESS\" > \"${SCRIPT_OUTPUT_FILE_0}\"\n";
			showEnvVarsInLog = 0;
		};
		A380FB0FE111127ED0CA7D7E /* [CP] Check Pods Manifest.lock */ = {
			isa = PBXShellScriptBuildPhase;
			buildActionMask = 2147483647;
			files = (
			);
			inputPaths = (
				"${PODS_PODFILE_DIR_PATH}/Podfile.lock",
				"${PODS_ROOT}/Manifest.lock",
			);
			name = "[CP] Check Pods Manifest.lock";
			outputPaths = (
				"$(DERIVED_FILE_DIR)/Pods-WallPaperUITests-checkManifestLockResult.txt",
			);
			runOnlyForDeploymentPostprocessing = 0;
			shellPath = /bin/sh;
			shellScript = "diff \"${PODS_PODFILE_DIR_PATH}/Podfile.lock\" \"${PODS_ROOT}/Manifest.lock\" > /dev/null\nif [ $? != 0 ] ; then\n    # print error to STDERR\n    echo \"error: The sandbox is not in sync with the Podfile.lock. Run 'pod install' or update your CocoaPods installation.\" >&2\n    exit 1\nfi\n# This output is used by Xcode 'outputs' to avoid re-running this script phase.\necho \"SUCCESS\" > \"${SCRIPT_OUTPUT_FILE_0}\"\n";
			showEnvVarsInLog = 0;
		};
/* End PBXShellScriptBuildPhase section */

/* Begin PBXSourcesBuildPhase section */
		040ED77C20C4DF4A00B6A0E6 /* Sources */ = {
			isa = PBXSourcesBuildPhase;
			buildActionMask = 2147483647;
			files = (
				CEEB800A20C63C5100D54A3C /* Vertical_CollectionView.swift in Sources */,
				040ED7C820C4E39D00B6A0E6 /* GoogleAdsMob.swift in Sources */,
				040ED7C720C4E39D00B6A0E6 /* UILable+Extention.swift in Sources */,
				040ED78C20C4DF4A00B6A0E6 /* WallPaper.xcdatamodeld in Sources */,
				5BB6400520C4EA2B00FD7042 /* Home.swift in Sources */,
				040ED78620C4DF4A00B6A0E6 /* ViewController.swift in Sources */,
				5BB6400720C4EAEC00FD7042 /* YourWallpapers.swift in Sources */,
				040ED7E520C4F6A000B6A0E6 /* DataOfAppLife.swift in Sources */,
				5BCE293F20C8DEA400DE7037 /* LiveWallpapers_My.swift in Sources */,
				0443906A20C54D4800FDD30A /* Collection_H_TableViewCell.swift in Sources */,
				CEEB800820C63C2B00D54A3C /* Horizontal_CollectionView.swift in Sources */,
				040ED7C420C4E39D00B6A0E6 /* Alert.swift in Sources */,
				5B34572120C77ADC00EB4572 /* Wallpapers_Home.swift in Sources */,
				5B09FA5920CA2B7700FEE1AD /* Wallpapers_SeeAll.swift in Sources */,
				0443906820C54D2F00FDD30A /* Name_Cate_TableViewCell.swift in Sources */,
				049BCD8120C62D32003C5101 /* HBSegmentedControl.swift in Sources */,
				5BCE294320C9311000DE7037 /* AllWallpapers_Coll.swift in Sources */,
				040ED7C520C4E39D00B6A0E6 /* Reachability.swift in Sources */,
				5B65624920C67ADA00E02062 /* CollViewCell1.swift in Sources */,
				040ED7C620C4E39D00B6A0E6 /* UIButton+Extention.swift in Sources */,
				5B34572320C77AF400EB4572 /* LiveWallpapers_Home.swift in Sources */,
				040ED7CE20C4E3F900B6A0E6 /* Config.swift in Sources */,
				CEACD2EA20C7E580007499EE /* None_TableViewCell.swift in Sources */,
				040ED78420C4DF4A00B6A0E6 /* AppDelegate.swift in Sources */,
				0443906C20C54D5A00FDD30A /* Collection_V_TableViewCell.swift in Sources */,
				CE88D7E020CA218B0001A5B1 /* ClickImageCateView.swift in Sources */,
				040ED7C920C4E39D00B6A0E6 /* UIView+Extention.swift in Sources */,
				5B09FA5B20CA2B9800FEE1AD /* LiveWallpapers_SeeAll.swift in Sources */,
				5B09FA5720CA2B5A00FEE1AD /* Categories_SeeAll.swift in Sources */,
				CEDD294920C4E9D80042D0E7 /* CategogiesView.swift in Sources */,
				5BCE293D20C8DE7A00DE7037 /* Wallpapers_My.swift in Sources */,
			);
			runOnlyForDeploymentPostprocessing = 0;
		};
		040ED79320C4DF4C00B6A0E6 /* Sources */ = {
			isa = PBXSourcesBuildPhase;
			buildActionMask = 2147483647;
			files = (
				040ED79C20C4DF4C00B6A0E6 /* WallPaperTests.swift in Sources */,
			);
			runOnlyForDeploymentPostprocessing = 0;
		};
		040ED79E20C4DF4C00B6A0E6 /* Sources */ = {
			isa = PBXSourcesBuildPhase;
			buildActionMask = 2147483647;
			files = (
				040ED7A720C4DF4C00B6A0E6 /* WallPaperUITests.swift in Sources */,
			);
			runOnlyForDeploymentPostprocessing = 0;
		};
/* End PBXSourcesBuildPhase section */

/* Begin PBXTargetDependency section */
		040ED79920C4DF4C00B6A0E6 /* PBXTargetDependency */ = {
			isa = PBXTargetDependency;
			target = 040ED77F20C4DF4A00B6A0E6 /* WallPaper */;
			targetProxy = 040ED79820C4DF4C00B6A0E6 /* PBXContainerItemProxy */;
		};
		040ED7A420C4DF4C00B6A0E6 /* PBXTargetDependency */ = {
			isa = PBXTargetDependency;
			target = 040ED77F20C4DF4A00B6A0E6 /* WallPaper */;
			targetProxy = 040ED7A320C4DF4C00B6A0E6 /* PBXContainerItemProxy */;
		};
/* End PBXTargetDependency section */

/* Begin PBXVariantGroup section */
		040ED78720C4DF4A00B6A0E6 /* Main.storyboard */ = {
			isa = PBXVariantGroup;
			children = (
				040ED78820C4DF4A00B6A0E6 /* Base */,
			);
			name = Main.storyboard;
			sourceTree = "<group>";
		};
		040ED78F20C4DF4C00B6A0E6 /* LaunchScreen.storyboard */ = {
			isa = PBXVariantGroup;
			children = (
				040ED79020C4DF4C00B6A0E6 /* Base */,
			);
			name = LaunchScreen.storyboard;
			sourceTree = "<group>";
		};
/* End PBXVariantGroup section */

/* Begin XCBuildConfiguration section */
		040ED7A920C4DF4C00B6A0E6 /* Debug */ = {
			isa = XCBuildConfiguration;
			buildSettings = {
				ALWAYS_SEARCH_USER_PATHS = NO;
				CLANG_ANALYZER_NONNULL = YES;
				CLANG_ANALYZER_NUMBER_OBJECT_CONVERSION = YES_AGGRESSIVE;
				CLANG_CXX_LANGUAGE_STANDARD = "gnu++14";
				CLANG_CXX_LIBRARY = "libc++";
				CLANG_ENABLE_MODULES = YES;
				CLANG_ENABLE_OBJC_ARC = YES;
				CLANG_ENABLE_OBJC_WEAK = YES;
				CLANG_WARN_BLOCK_CAPTURE_AUTORELEASING = YES;
				CLANG_WARN_BOOL_CONVERSION = YES;
				CLANG_WARN_COMMA = YES;
				CLANG_WARN_CONSTANT_CONVERSION = YES;
				CLANG_WARN_DEPRECATED_OBJC_IMPLEMENTATIONS = YES;
				CLANG_WARN_DIRECT_OBJC_ISA_USAGE = YES_ERROR;
				CLANG_WARN_DOCUMENTATION_COMMENTS = YES;
				CLANG_WARN_EMPTY_BODY = YES;
				CLANG_WARN_ENUM_CONVERSION = YES;
				CLANG_WARN_INFINITE_RECURSION = YES;
				CLANG_WARN_INT_CONVERSION = YES;
				CLANG_WARN_NON_LITERAL_NULL_CONVERSION = YES;
				CLANG_WARN_OBJC_IMPLICIT_RETAIN_SELF = YES;
				CLANG_WARN_OBJC_LITERAL_CONVERSION = YES;
				CLANG_WARN_OBJC_ROOT_CLASS = YES_ERROR;
				CLANG_WARN_RANGE_LOOP_ANALYSIS = YES;
				CLANG_WARN_STRICT_PROTOTYPES = YES;
				CLANG_WARN_SUSPICIOUS_MOVE = YES;
				CLANG_WARN_UNGUARDED_AVAILABILITY = YES_AGGRESSIVE;
				CLANG_WARN_UNREACHABLE_CODE = YES;
				CLANG_WARN__DUPLICATE_METHOD_MATCH = YES;
				CODE_SIGN_IDENTITY = "iPhone Developer";
				COPY_PHASE_STRIP = NO;
				DEBUG_INFORMATION_FORMAT = dwarf;
				ENABLE_STRICT_OBJC_MSGSEND = YES;
				ENABLE_TESTABILITY = YES;
				GCC_C_LANGUAGE_STANDARD = gnu11;
				GCC_DYNAMIC_NO_PIC = NO;
				GCC_NO_COMMON_BLOCKS = YES;
				GCC_OPTIMIZATION_LEVEL = 0;
				GCC_PREPROCESSOR_DEFINITIONS = (
					"DEBUG=1",
					"$(inherited)",
				);
				GCC_WARN_64_TO_32_BIT_CONVERSION = YES;
				GCC_WARN_ABOUT_RETURN_TYPE = YES_ERROR;
				GCC_WARN_UNDECLARED_SELECTOR = YES;
				GCC_WARN_UNINITIALIZED_AUTOS = YES_AGGRESSIVE;
				GCC_WARN_UNUSED_FUNCTION = YES;
				GCC_WARN_UNUSED_VARIABLE = YES;
				IPHONEOS_DEPLOYMENT_TARGET = 11.0;
				MTL_ENABLE_DEBUG_INFO = YES;
				ONLY_ACTIVE_ARCH = YES;
				SDKROOT = iphoneos;
				SWIFT_ACTIVE_COMPILATION_CONDITIONS = DEBUG;
				SWIFT_OPTIMIZATION_LEVEL = "-Onone";
			};
			name = Debug;
		};
		040ED7AA20C4DF4C00B6A0E6 /* Release */ = {
			isa = XCBuildConfiguration;
			buildSettings = {
				ALWAYS_SEARCH_USER_PATHS = NO;
				CLANG_ANALYZER_NONNULL = YES;
				CLANG_ANALYZER_NUMBER_OBJECT_CONVERSION = YES_AGGRESSIVE;
				CLANG_CXX_LANGUAGE_STANDARD = "gnu++14";
				CLANG_CXX_LIBRARY = "libc++";
				CLANG_ENABLE_MODULES = YES;
				CLANG_ENABLE_OBJC_ARC = YES;
				CLANG_ENABLE_OBJC_WEAK = YES;
				CLANG_WARN_BLOCK_CAPTURE_AUTORELEASING = YES;
				CLANG_WARN_BOOL_CONVERSION = YES;
				CLANG_WARN_COMMA = YES;
				CLANG_WARN_CONSTANT_CONVERSION = YES;
				CLANG_WARN_DEPRECATED_OBJC_IMPLEMENTATIONS = YES;
				CLANG_WARN_DIRECT_OBJC_ISA_USAGE = YES_ERROR;
				CLANG_WARN_DOCUMENTATION_COMMENTS = YES;
				CLANG_WARN_EMPTY_BODY = YES;
				CLANG_WARN_ENUM_CONVERSION = YES;
				CLANG_WARN_INFINITE_RECURSION = YES;
				CLANG_WARN_INT_CONVERSION = YES;
				CLANG_WARN_NON_LITERAL_NULL_CONVERSION = YES;
				CLANG_WARN_OBJC_IMPLICIT_RETAIN_SELF = YES;
				CLANG_WARN_OBJC_LITERAL_CONVERSION = YES;
				CLANG_WARN_OBJC_ROOT_CLASS = YES_ERROR;
				CLANG_WARN_RANGE_LOOP_ANALYSIS = YES;
				CLANG_WARN_STRICT_PROTOTYPES = YES;
				CLANG_WARN_SUSPICIOUS_MOVE = YES;
				CLANG_WARN_UNGUARDED_AVAILABILITY = YES_AGGRESSIVE;
				CLANG_WARN_UNREACHABLE_CODE = YES;
				CLANG_WARN__DUPLICATE_METHOD_MATCH = YES;
				CODE_SIGN_IDENTITY = "iPhone Developer";
				COPY_PHASE_STRIP = NO;
				DEBUG_INFORMATION_FORMAT = "dwarf-with-dsym";
				ENABLE_NS_ASSERTIONS = NO;
				ENABLE_STRICT_OBJC_MSGSEND = YES;
				GCC_C_LANGUAGE_STANDARD = gnu11;
				GCC_NO_COMMON_BLOCKS = YES;
				GCC_WARN_64_TO_32_BIT_CONVERSION = YES;
				GCC_WARN_ABOUT_RETURN_TYPE = YES_ERROR;
				GCC_WARN_UNDECLARED_SELECTOR = YES;
				GCC_WARN_UNINITIALIZED_AUTOS = YES_AGGRESSIVE;
				GCC_WARN_UNUSED_FUNCTION = YES;
				GCC_WARN_UNUSED_VARIABLE = YES;
				IPHONEOS_DEPLOYMENT_TARGET = 11.0;
				MTL_ENABLE_DEBUG_INFO = NO;
				SDKROOT = iphoneos;
				SWIFT_COMPILATION_MODE = wholemodule;
				SWIFT_OPTIMIZATION_LEVEL = "-O";
				VALIDATE_PRODUCT = YES;
			};
			name = Release;
		};
		040ED7AC20C4DF4C00B6A0E6 /* Debug */ = {
			isa = XCBuildConfiguration;
			baseConfigurationReference = 9F93E1FEBA5BF3065BDA6768 /* Pods-WallPaper.debug.xcconfig */;
			buildSettings = {
				ASSETCATALOG_COMPILER_APPICON_NAME = AppIcon;
				CODE_SIGN_STYLE = Automatic;
				DEVELOPMENT_TEAM = "";
				INFOPLIST_FILE = WallPaper/Info.plist;
				IPHONEOS_DEPLOYMENT_TARGET = 11.0;
				LD_RUNPATH_SEARCH_PATHS = (
					"$(inherited)",
					"@executable_path/Frameworks",
				);
				PRODUCT_BUNDLE_IDENTIFIER = Natsu.WallPaper;
				PRODUCT_NAME = "$(TARGET_NAME)";
				SWIFT_VERSION = 4.0;
				TARGETED_DEVICE_FAMILY = "1,2";
			};
			name = Debug;
		};
		040ED7AD20C4DF4C00B6A0E6 /* Release */ = {
			isa = XCBuildConfiguration;
			baseConfigurationReference = D915AB1BDD109AB6579E672C /* Pods-WallPaper.release.xcconfig */;
			buildSettings = {
				ASSETCATALOG_COMPILER_APPICON_NAME = AppIcon;
				CODE_SIGN_STYLE = Automatic;
				DEVELOPMENT_TEAM = "";
				INFOPLIST_FILE = WallPaper/Info.plist;
				IPHONEOS_DEPLOYMENT_TARGET = 11.0;
				LD_RUNPATH_SEARCH_PATHS = (
					"$(inherited)",
					"@executable_path/Frameworks",
				);
				PRODUCT_BUNDLE_IDENTIFIER = Natsu.WallPaper;
				PRODUCT_NAME = "$(TARGET_NAME)";
				SWIFT_VERSION = 4.0;
				TARGETED_DEVICE_FAMILY = "1,2";
			};
			name = Release;
		};
		040ED7AF20C4DF4C00B6A0E6 /* Debug */ = {
			isa = XCBuildConfiguration;
			baseConfigurationReference = F465045DE1B4BB7569431353 /* Pods-WallPaperTests.debug.xcconfig */;
			buildSettings = {
				ALWAYS_EMBED_SWIFT_STANDARD_LIBRARIES = YES;
				BUNDLE_LOADER = "$(TEST_HOST)";
				CODE_SIGN_STYLE = Automatic;
				DEVELOPMENT_TEAM = P38MF4H8FX;
				INFOPLIST_FILE = WallPaperTests/Info.plist;
				LD_RUNPATH_SEARCH_PATHS = (
					"$(inherited)",
					"@executable_path/Frameworks",
					"@loader_path/Frameworks",
				);
				PRODUCT_BUNDLE_IDENTIFIER = Natsu.WallPaperTests;
				PRODUCT_NAME = "$(TARGET_NAME)";
				SWIFT_VERSION = 4.0;
				TARGETED_DEVICE_FAMILY = "1,2";
				TEST_HOST = "$(BUILT_PRODUCTS_DIR)/WallPaper.app/WallPaper";
			};
			name = Debug;
		};
		040ED7B020C4DF4C00B6A0E6 /* Release */ = {
			isa = XCBuildConfiguration;
			baseConfigurationReference = 5C64DB235184E44293BA13D0 /* Pods-WallPaperTests.release.xcconfig */;
			buildSettings = {
				ALWAYS_EMBED_SWIFT_STANDARD_LIBRARIES = YES;
				BUNDLE_LOADER = "$(TEST_HOST)";
				CODE_SIGN_STYLE = Automatic;
				DEVELOPMENT_TEAM = P38MF4H8FX;
				INFOPLIST_FILE = WallPaperTests/Info.plist;
				LD_RUNPATH_SEARCH_PATHS = (
					"$(inherited)",
					"@executable_path/Frameworks",
					"@loader_path/Frameworks",
				);
				PRODUCT_BUNDLE_IDENTIFIER = Natsu.WallPaperTests;
				PRODUCT_NAME = "$(TARGET_NAME)";
				SWIFT_VERSION = 4.0;
				TARGETED_DEVICE_FAMILY = "1,2";
				TEST_HOST = "$(BUILT_PRODUCTS_DIR)/WallPaper.app/WallPaper";
			};
			name = Release;
		};
		040ED7B220C4DF4C00B6A0E6 /* Debug */ = {
			isa = XCBuildConfiguration;
			baseConfigurationReference = 506B7A5FC3D638168EF3BDF8 /* Pods-WallPaperUITests.debug.xcconfig */;
			buildSettings = {
				ALWAYS_EMBED_SWIFT_STANDARD_LIBRARIES = YES;
				CODE_SIGN_STYLE = Automatic;
				DEVELOPMENT_TEAM = P38MF4H8FX;
				INFOPLIST_FILE = WallPaperUITests/Info.plist;
				LD_RUNPATH_SEARCH_PATHS = (
					"$(inherited)",
					"@executable_path/Frameworks",
					"@loader_path/Frameworks",
				);
				PRODUCT_BUNDLE_IDENTIFIER = Natsu.WallPaperUITests;
				PRODUCT_NAME = "$(TARGET_NAME)";
				SWIFT_VERSION = 4.0;
				TARGETED_DEVICE_FAMILY = "1,2";
				TEST_TARGET_NAME = WallPaper;
			};
			name = Debug;
		};
		040ED7B320C4DF4C00B6A0E6 /* Release */ = {
			isa = XCBuildConfiguration;
			baseConfigurationReference = 39C5892EC1713EF322C64A0D /* Pods-WallPaperUITests.release.xcconfig */;
			buildSettings = {
				ALWAYS_EMBED_SWIFT_STANDARD_LIBRARIES = YES;
				CODE_SIGN_STYLE = Automatic;
				DEVELOPMENT_TEAM = P38MF4H8FX;
				INFOPLIST_FILE = WallPaperUITests/Info.plist;
				LD_RUNPATH_SEARCH_PATHS = (
					"$(inherited)",
					"@executable_path/Frameworks",
					"@loader_path/Frameworks",
				);
				PRODUCT_BUNDLE_IDENTIFIER = Natsu.WallPaperUITests;
				PRODUCT_NAME = "$(TARGET_NAME)";
				SWIFT_VERSION = 4.0;
				TARGETED_DEVICE_FAMILY = "1,2";
				TEST_TARGET_NAME = WallPaper;
			};
			name = Release;
		};
/* End XCBuildConfiguration section */

/* Begin XCConfigurationList section */
		040ED77B20C4DF4A00B6A0E6 /* Build configuration list for PBXProject "WallPaper" */ = {
			isa = XCConfigurationList;
			buildConfigurations = (
				040ED7A920C4DF4C00B6A0E6 /* Debug */,
				040ED7AA20C4DF4C00B6A0E6 /* Release */,
			);
			defaultConfigurationIsVisible = 0;
			defaultConfigurationName = Release;
		};
		040ED7AB20C4DF4C00B6A0E6 /* Build configuration list for PBXNativeTarget "WallPaper" */ = {
			isa = XCConfigurationList;
			buildConfigurations = (
				040ED7AC20C4DF4C00B6A0E6 /* Debug */,
				040ED7AD20C4DF4C00B6A0E6 /* Release */,
			);
			defaultConfigurationIsVisible = 0;
			defaultConfigurationName = Release;
		};
		040ED7AE20C4DF4C00B6A0E6 /* Build configuration list for PBXNativeTarget "WallPaperTests" */ = {
			isa = XCConfigurationList;
			buildConfigurations = (
				040ED7AF20C4DF4C00B6A0E6 /* Debug */,
				040ED7B020C4DF4C00B6A0E6 /* Release */,
			);
			defaultConfigurationIsVisible = 0;
			defaultConfigurationName = Release;
		};
		040ED7B120C4DF4C00B6A0E6 /* Build configuration list for PBXNativeTarget "WallPaperUITests" */ = {
			isa = XCConfigurationList;
			buildConfigurations = (
				040ED7B220C4DF4C00B6A0E6 /* Debug */,
				040ED7B320C4DF4C00B6A0E6 /* Release */,
			);
			defaultConfigurationIsVisible = 0;
			defaultConfigurationName = Release;
		};
/* End XCConfigurationList section */

/* Begin XCVersionGroup section */
		040ED78A20C4DF4A00B6A0E6 /* WallPaper.xcdatamodeld */ = {
			isa = XCVersionGroup;
			children = (
				040ED78B20C4DF4A00B6A0E6 /* WallPaper.xcdatamodel */,
			);
			currentVersion = 040ED78B20C4DF4A00B6A0E6 /* WallPaper.xcdatamodel */;
			path = WallPaper.xcdatamodeld;
			sourceTree = "<group>";
			versionGroupType = wrapper.xcdatamodel;
		};
/* End XCVersionGroup section */
	};
	rootObject = 040ED77820C4DF4A00B6A0E6 /* Project object */;
}
